// !$*UTF8*$!
{
	archiveVersion = 1;
	classes = {
	};
	objectVersion = 46;
	objects = {

/* Begin PBXBuildFile section */
		ACD270BB1CE00BA500C719A8 /* AppDelegate.swift in Sources */ = {isa = PBXBuildFile; fileRef = ACD270BA1CE00BA500C719A8 /* AppDelegate.swift */; };
		ACD270BD1CE00BA500C719A8 /* HeeHawViewController.swift in Sources */ = {isa = PBXBuildFile; fileRef = ACD270BC1CE00BA500C719A8 /* HeeHawViewController.swift */; };
		ACD270C51CE00BA500C719A8 /* Assets.xcassets in Resources */ = {isa = PBXBuildFile; fileRef = ACD270C41CE00BA500C719A8 /* Assets.xcassets */; };
		ACD270DC1CE00C6D00C719A8 /* Message.swift in Sources */ = {isa = PBXBuildFile; fileRef = ACD270D81CE00C6D00C719A8 /* Message.swift */; };
		ACD270E01CE00CA200C719A8 /* HeeHaw.xcdatamodeld in Sources */ = {isa = PBXBuildFile; fileRef = ACD270DE1CE00CA200C719A8 /* HeeHaw.xcdatamodeld */; };
		ACD270E51CE0116200C719A8 /* LGSimpleChat.swift in Sources */ = {isa = PBXBuildFile; fileRef = ACD270E41CE0116200C719A8 /* LGSimpleChat.swift */; };
		ACD270F71CE05A8800C719A8 /* ThreadTableViewCell.swift in Sources */ = {isa = PBXBuildFile; fileRef = ACD270F61CE05A8800C719A8 /* ThreadTableViewCell.swift */; };
		C0D4D5D41CE18BCF006E1B2A /* AirMuler.framework in Frameworks */ = {isa = PBXBuildFile; fileRef = C0D4D5D01CE18BBE006E1B2A /* AirMuler.framework */; };
		C0D4D5D61CE18BD5006E1B2A /* CoreActionSheetPicker.framework in Frameworks */ = {isa = PBXBuildFile; fileRef = C0D4D5D51CE18BD5006E1B2A /* CoreActionSheetPicker.framework */; };
		C0D4D5D81CE18BDE006E1B2A /* SwiftyJSON.framework in Frameworks */ = {isa = PBXBuildFile; fileRef = C0D4D5D71CE18BDE006E1B2A /* SwiftyJSON.framework */; };
/* End PBXBuildFile section */

/* Begin PBXFileReference section */
		AC278CDA1CE0666A0067AB6A /* AirMuler.framework */ = {isa = PBXFileReference; lastKnownFileType = wrapper.framework; name = AirMuler.framework; path = "../../../Library/Developer/Xcode/DerivedData/AirMuler-abwsqrpresbelwdzmamkkyjhhciz/Build/Products/Debug-iphonesimulator/AirMuler.framework"; sourceTree = "<group>"; };
		AC278CDC1CE066700067AB6A /* SwiftyJSON.framework */ = {isa = PBXFileReference; lastKnownFileType = wrapper.framework; name = SwiftyJSON.framework; path = "../Carthage/Checkouts/SwiftyJSON/build/Debug-iphoneos/SwiftyJSON.framework"; sourceTree = "<group>"; };
		AC278CDF1CE06BAD0067AB6A /* CoreActionSheetPicker.framework */ = {isa = PBXFileReference; lastKnownFileType = wrapper.framework; name = CoreActionSheetPicker.framework; path = "../Carthage/Checkouts/ActionSheetPicker-3.0/CoreActionSheetPicker/build/Debug-iphoneos/CoreActionSheetPicker.framework"; sourceTree = "<group>"; };
		ACD270B71CE00BA500C719A8 /* 🐴.app */ = {isa = PBXFileReference; explicitFileType = wrapper.application; includeInIndex = 0; path = "🐴.app"; sourceTree = BUILT_PRODUCTS_DIR; };
		ACD270BA1CE00BA500C719A8 /* AppDelegate.swift */ = {isa = PBXFileReference; lastKnownFileType = sourcecode.swift; path = AppDelegate.swift; sourceTree = "<group>"; };
		ACD270BC1CE00BA500C719A8 /* HeeHawViewController.swift */ = {isa = PBXFileReference; lastKnownFileType = sourcecode.swift; path = HeeHawViewController.swift; sourceTree = "<group>"; };
		ACD270C41CE00BA500C719A8 /* Assets.xcassets */ = {isa = PBXFileReference; lastKnownFileType = folder.assetcatalog; path = Assets.xcassets; sourceTree = "<group>"; };
		ACD270C91CE00BA500C719A8 /* Info.plist */ = {isa = PBXFileReference; lastKnownFileType = text.plist.xml; path = Info.plist; sourceTree = "<group>"; };
		ACD270D81CE00C6D00C719A8 /* Message.swift */ = {isa = PBXFileReference; fileEncoding = 4; lastKnownFileType = sourcecode.swift; path = Message.swift; sourceTree = "<group>"; };
		ACD270DF1CE00CA200C719A8 /* SkipChat.xcdatamodel */ = {isa = PBXFileReference; lastKnownFileType = wrapper.xcdatamodel; path = SkipChat.xcdatamodel; sourceTree = "<group>"; };
		ACD270E41CE0116200C719A8 /* LGSimpleChat.swift */ = {isa = PBXFileReference; fileEncoding = 4; lastKnownFileType = sourcecode.swift; path = LGSimpleChat.swift; sourceTree = "<group>"; };
		ACD270F61CE05A8800C719A8 /* ThreadTableViewCell.swift */ = {isa = PBXFileReference; fileEncoding = 4; lastKnownFileType = sourcecode.swift; path = ThreadTableViewCell.swift; sourceTree = "<group>"; };
		C0D4D5D01CE18BBE006E1B2A /* AirMuler.framework */ = {isa = PBXFileReference; explicitFileType = wrapper.framework; name = AirMuler.framework; path = "/Users/jlmart88/Library/Developer/Xcode/DerivedData/AirMuler-dsffwjpkedsuxogkyijpxckpzpzl/Build/Products/Debug-iphonesimulator/AirMuler.framework"; sourceTree = "<absolute>"; };
		C0D4D5D51CE18BD5006E1B2A /* CoreActionSheetPicker.framework */ = {isa = PBXFileReference; lastKnownFileType = wrapper.framework; name = CoreActionSheetPicker.framework; path = "../../../../../Library/Developer/Xcode/DerivedData/AirMuler-dsffwjpkedsuxogkyijpxckpzpzl/Build/Products/Debug-iphonesimulator/CoreActionSheetPicker.framework"; sourceTree = "<group>"; };
		C0D4D5D71CE18BDE006E1B2A /* SwiftyJSON.framework */ = {isa = PBXFileReference; lastKnownFileType = wrapper.framework; name = SwiftyJSON.framework; path = "../../../../../Library/Developer/Xcode/DerivedData/AirMuler-dsffwjpkedsuxogkyijpxckpzpzl/Build/Products/Debug-iphonesimulator/SwiftyJSON.framework"; sourceTree = "<group>"; };
/* End PBXFileReference section */

/* Begin PBXFrameworksBuildPhase section */
		ACD270B41CE00BA500C719A8 /* Frameworks */ = {
			isa = PBXFrameworksBuildPhase;
			buildActionMask = 2147483647;
			files = (
				C0D4D5D81CE18BDE006E1B2A /* SwiftyJSON.framework in Frameworks */,
				C0D4D5D61CE18BD5006E1B2A /* CoreActionSheetPicker.framework in Frameworks */,
				C0D4D5D41CE18BCF006E1B2A /* AirMuler.framework in Frameworks */,
			);
			runOnlyForDeploymentPostprocessing = 0;
		};
/* End PBXFrameworksBuildPhase section */

/* Begin PBXGroup section */
		ACD270AE1CE00BA500C719A8 = {
			isa = PBXGroup;
			children = (
				C0D4D5D71CE18BDE006E1B2A /* SwiftyJSON.framework */,
				C0D4D5D51CE18BD5006E1B2A /* CoreActionSheetPicker.framework */,
				C0D4D5D01CE18BBE006E1B2A /* AirMuler.framework */,
				ACD270B91CE00BA500C719A8 /* HeeHaw */,
				ACD270B81CE00BA500C719A8 /* Products */,
			);
			sourceTree = "<group>";
		};
		ACD270B81CE00BA500C719A8 /* Products */ = {
			isa = PBXGroup;
			children = (
				ACD270B71CE00BA500C719A8 /* 🐴.app */,
			);
			name = Products;
			sourceTree = "<group>";
		};
		ACD270B91CE00BA500C719A8 /* HeeHaw */ = {
			isa = PBXGroup;
			children = (
				ACD270BA1CE00BA500C719A8 /* AppDelegate.swift */,
				ACD270BC1CE00BA500C719A8 /* HeeHawViewController.swift */,
				ACD270D81CE00C6D00C719A8 /* Message.swift */,
				ACD270F61CE05A8800C719A8 /* ThreadTableViewCell.swift */,
				ACD270E41CE0116200C719A8 /* LGSimpleChat.swift */,
				ACD270C41CE00BA500C719A8 /* Assets.xcassets */,
				ACD270C91CE00BA500C719A8 /* Info.plist */,
				ACD270DE1CE00CA200C719A8 /* HeeHaw.xcdatamodeld */,
			);
			path = HeeHaw;
			sourceTree = "<group>";
		};
/* End PBXGroup section */

/* Begin PBXNativeTarget section */
		ACD270B61CE00BA500C719A8 /* 🐴 */ = {
			isa = PBXNativeTarget;
			buildConfigurationList = ACD270CC1CE00BA500C719A8 /* Build configuration list for PBXNativeTarget "🐴" */;
			buildPhases = (
				ACD270B31CE00BA500C719A8 /* Sources */,
				ACD270B41CE00BA500C719A8 /* Frameworks */,
				ACD270B51CE00BA500C719A8 /* Resources */,
			);
			buildRules = (
			);
			dependencies = (
			);
			name = "🐴";
			productName = HeeHaw;
			productReference = ACD270B71CE00BA500C719A8 /* 🐴.app */;
			productType = "com.apple.product-type.application";
		};
/* End PBXNativeTarget section */

/* Begin PBXProject section */
		ACD270AF1CE00BA500C719A8 /* Project object */ = {
			isa = PBXProject;
			attributes = {
				LastSwiftUpdateCheck = 0730;
				LastUpgradeCheck = 0730;
				ORGANIZATIONNAME = "Ankush Gupta";
				TargetAttributes = {
					ACD270B61CE00BA500C719A8 = {
						CreatedOnToolsVersion = 7.3;
					};
				};
			};
			buildConfigurationList = ACD270B21CE00BA500C719A8 /* Build configuration list for PBXProject "HeeHaw" */;
			compatibilityVersion = "Xcode 3.2";
			developmentRegion = English;
			hasScannedForEncodings = 0;
			knownRegions = (
				en,
				Base,
			);
			mainGroup = ACD270AE1CE00BA500C719A8;
			productRefGroup = ACD270B81CE00BA500C719A8 /* Products */;
			projectDirPath = "";
			projectRoot = "";
			targets = (
				ACD270B61CE00BA500C719A8 /* 🐴 */,
			);
		};
/* End PBXProject section */

/* Begin PBXResourcesBuildPhase section */
		ACD270B51CE00BA500C719A8 /* Resources */ = {
			isa = PBXResourcesBuildPhase;
			buildActionMask = 2147483647;
			files = (
				ACD270C51CE00BA500C719A8 /* Assets.xcassets in Resources */,
			);
			runOnlyForDeploymentPostprocessing = 0;
		};
/* End PBXResourcesBuildPhase section */

/* Begin PBXSourcesBuildPhase section */
		ACD270B31CE00BA500C719A8 /* Sources */ = {
			isa = PBXSourcesBuildPhase;
			buildActionMask = 2147483647;
			files = (
				ACD270BD1CE00BA500C719A8 /* HeeHawViewController.swift in Sources */,
				ACD270DC1CE00C6D00C719A8 /* Message.swift in Sources */,
				ACD270E01CE00CA200C719A8 /* HeeHaw.xcdatamodeld in Sources */,
				ACD270BB1CE00BA500C719A8 /* AppDelegate.swift in Sources */,
				ACD270E51CE0116200C719A8 /* LGSimpleChat.swift in Sources */,
				ACD270F71CE05A8800C719A8 /* ThreadTableViewCell.swift in Sources */,
			);
			runOnlyForDeploymentPostprocessing = 0;
		};
/* End PBXSourcesBuildPhase section */

/* Begin XCBuildConfiguration section */
		ACD270CA1CE00BA500C719A8 /* Debug */ = {
			isa = XCBuildConfiguration;
			buildSettings = {
				ALWAYS_SEARCH_USER_PATHS = NO;
				CLANG_ANALYZER_NONNULL = YES;
				CLANG_CXX_LANGUAGE_STANDARD = "gnu++0x";
				CLANG_CXX_LIBRARY = "libc++";
				CLANG_ENABLE_MODULES = YES;
				CLANG_ENABLE_OBJC_ARC = YES;
				CLANG_WARN_BOOL_CONVERSION = YES;
				CLANG_WARN_CONSTANT_CONVERSION = YES;
				CLANG_WARN_DIRECT_OBJC_ISA_USAGE = YES_ERROR;
				CLANG_WARN_EMPTY_BODY = YES;
				CLANG_WARN_ENUM_CONVERSION = YES;
				CLANG_WARN_INT_CONVERSION = YES;
				CLANG_WARN_OBJC_ROOT_CLASS = YES_ERROR;
				CLANG_WARN_UNREACHABLE_CODE = YES;
				CLANG_WARN__DUPLICATE_METHOD_MATCH = YES;
				"CODE_SIGN_IDENTITY[sdk=iphoneos*]" = "iPhone Developer";
				COPY_PHASE_STRIP = NO;
				DEBUG_INFORMATION_FORMAT = dwarf;
				ENABLE_STRICT_OBJC_MSGSEND = YES;
				ENABLE_TESTABILITY = YES;
				GCC_C_LANGUAGE_STANDARD = gnu99;
				GCC_DYNAMIC_NO_PIC = NO;
				GCC_NO_COMMON_BLOCKS = YES;
				GCC_OPTIMIZATION_LEVEL = 0;
				GCC_PREPROCESSOR_DEFINITIONS = (
					"DEBUG=1",
					"$(inherited)",
				);
				GCC_WARN_64_TO_32_BIT_CONVERSION = YES;
				GCC_WARN_ABOUT_RETURN_TYPE = YES_ERROR;
				GCC_WARN_UNDECLARED_SELECTOR = YES;
				GCC_WARN_UNINITIALIZED_AUTOS = YES_AGGRESSIVE;
				GCC_WARN_UNUSED_FUNCTION = YES;
				GCC_WARN_UNUSED_VARIABLE = YES;
				IPHONEOS_DEPLOYMENT_TARGET = 9.3;
				MTL_ENABLE_DEBUG_INFO = YES;
				ONLY_ACTIVE_ARCH = YES;
				SDKROOT = iphoneos;
				SWIFT_OPTIMIZATION_LEVEL = "-Onone";
				TARGETED_DEVICE_FAMILY = "1,2";
			};
			name = Debug;
		};
		ACD270CB1CE00BA500C719A8 /* Release */ = {
			isa = XCBuildConfiguration;
			buildSettings = {
				ALWAYS_SEARCH_USER_PATHS = NO;
				CLANG_ANALYZER_NONNULL = YES;
				CLANG_CXX_LANGUAGE_STANDARD = "gnu++0x";
				CLANG_CXX_LIBRARY = "libc++";
				CLANG_ENABLE_MODULES = YES;
				CLANG_ENABLE_OBJC_ARC = YES;
				CLANG_WARN_BOOL_CONVERSION = YES;
				CLANG_WARN_CONSTANT_CONVERSION = YES;
				CLANG_WARN_DIRECT_OBJC_ISA_USAGE = YES_ERROR;
				CLANG_WARN_EMPTY_BODY = YES;
				CLANG_WARN_ENUM_CONVERSION = YES;
				CLANG_WARN_INT_CONVERSION = YES;
				CLANG_WARN_OBJC_ROOT_CLASS = YES_ERROR;
				CLANG_WARN_UNREACHABLE_CODE = YES;
				CLANG_WARN__DUPLICATE_METHOD_MATCH = YES;
				"CODE_SIGN_IDENTITY[sdk=iphoneos*]" = "iPhone Developer";
				COPY_PHASE_STRIP = NO;
				DEBUG_INFORMATION_FORMAT = "dwarf-with-dsym";
				ENABLE_NS_ASSERTIONS = NO;
				ENABLE_STRICT_OBJC_MSGSEND = YES;
				GCC_C_LANGUAGE_STANDARD = gnu99;
				GCC_NO_COMMON_BLOCKS = YES;
				GCC_WARN_64_TO_32_BIT_CONVERSION = YES;
				GCC_WARN_ABOUT_RETURN_TYPE = YES_ERROR;
				GCC_WARN_UNDECLARED_SELECTOR = YES;
				GCC_WARN_UNINITIALIZED_AUTOS = YES_AGGRESSIVE;
				GCC_WARN_UNUSED_FUNCTION = YES;
				GCC_WARN_UNUSED_VARIABLE = YES;
				IPHONEOS_DEPLOYMENT_TARGET = 9.3;
				MTL_ENABLE_DEBUG_INFO = NO;
				SDKROOT = iphoneos;
				TARGETED_DEVICE_FAMILY = "1,2";
				VALIDATE_PRODUCT = YES;
			};
			name = Release;
		};
		ACD270CD1CE00BA500C719A8 /* Debug */ = {
			isa = XCBuildConfiguration;
			buildSettings = {
				ASSETCATALOG_COMPILER_APPICON_NAME = AppIcon;
				INFOPLIST_FILE = HeeHaw/Info.plist;
				LD_RUNPATH_SEARCH_PATHS = "$(inherited) @executable_path/Frameworks";
				PRODUCT_BUNDLE_IDENTIFIER = com.ankushg.HeeHaw;
				PRODUCT_NAME = "$(TARGET_NAME)";
			};
			name = Debug;
		};
		ACD270CE1CE00BA500C719A8 /* Release */ = {
			isa = XCBuildConfiguration;
			buildSettings = {
				ASSETCATALOG_COMPILER_APPICON_NAME = AppIcon;
				INFOPLIST_FILE = HeeHaw/Info.plist;
				LD_RUNPATH_SEARCH_PATHS = "$(inherited) @executable_path/Frameworks";
				PRODUCT_BUNDLE_IDENTIFIER = com.ankushg.HeeHaw;
				PRODUCT_NAME = "$(TARGET_NAME)";
			};
			name = Release;
		};
/* End XCBuildConfiguration section */

/* Begin XCConfigurationList section */
		ACD270B21CE00BA500C719A8 /* Build configuration list for PBXProject "HeeHaw" */ = {
			isa = XCConfigurationList;
			buildConfigurations = (
				ACD270CA1CE00BA500C719A8 /* Debug */,
				ACD270CB1CE00BA500C719A8 /* Release */,
			);
			defaultConfigurationIsVisible = 0;
			defaultConfigurationName = Release;
		};
		ACD270CC1CE00BA500C719A8 /* Build configuration list for PBXNativeTarget "🐴" */ = {
			isa = XCConfigurationList;
			buildConfigurations = (
				ACD270CD1CE00BA500C719A8 /* Debug */,
				ACD270CE1CE00BA500C719A8 /* Release */,
			);
			defaultConfigurationIsVisible = 0;
			defaultConfigurationName = Release;
		};
/* End XCConfigurationList section */

/* Begin XCVersionGroup section */
		ACD270DE1CE00CA200C719A8 /* HeeHaw.xcdatamodeld */ = {
			isa = XCVersionGroup;
			children = (
				ACD270DF1CE00CA200C719A8 /* SkipChat.xcdatamodel */,
			);
			currentVersion = ACD270DF1CE00CA200C719A8 /* SkipChat.xcdatamodel */;
			path = HeeHaw.xcdatamodeld;
			sourceTree = "<group>";
			versionGroupType = wrapper.xcdatamodel;
		};
/* End XCVersionGroup section */
	};
	rootObject = ACD270AF1CE00BA500C719A8 /* Project object */;
}
